
Microsoft Visual Studio Solution File, Format Version 12.00
# Visual Studio 2012
Project("{FAE04EC0-301F-11D3-BF4B-00C04F79EFBC}") = "Flurry.Analytics.iOS-unified", "..\..\binding\Flurry.Analytics.iOS-unified\Flurry.Analytics.iOS-unified.csproj", "{3817227C-4052-458B-9D6E-F0A747E81D2A}"
EndProject
Project("{FAE04EC0-301F-11D3-BF4B-00C04F79EFBC}") = "Flurry.Analytics.iOS.Sample-unified", "Flurry.Analytics.iOS.Sample-unified.csproj", "{FED39372-1E87-448D-9061-2D8837321153}"
EndProject
Global
	GlobalSection(SolutionConfigurationPlatforms) = preSolution
		Debug|iPhoneSimulator = Debug|iPhoneSimulator
		Release|iPhoneSimulator = Release|iPhoneSimulator
		Debug|iPhone = Debug|iPhone
		Release|iPhone = Release|iPhone
	EndGlobalSection
	GlobalSection(ProjectConfigurationPlatforms) = postSolution
		{3817227C-4052-458B-9D6E-F0A747E81D2A}.Debug|iPhone.ActiveCfg = Debug|Any CPU
		{3817227C-4052-458B-9D6E-F0A747E81D2A}.Debug|iPhone.Build.0 = Debug|Any CPU
		{3817227C-4052-458B-9D6E-F0A747E81D2A}.Debug|iPhoneSimulator.ActiveCfg = Debug|Any CPU
		{3817227C-4052-458B-9D6E-F0A747E81D2A}.Debug|iPhoneSimulator.Build.0 = Debug|Any CPU
		{3817227C-4052-458B-9D6E-F0A747E81D2A}.Release|iPhone.ActiveCfg = Release|Any CPU
		{3817227C-4052-458B-9D6E-F0A747E81D2A}.Release|iPhone.Build.0 = Release|Any CPU
		{3817227C-4052-458B-9D6E-F0A747E81D2A}.Release|iPhoneSimulator.ActiveCfg = Release|Any CPU
		{3817227C-4052-458B-9D6E-F0A747E81D2A}.Release|iPhoneSimulator.Build.0 = Release|Any CPU
		{FED39372-1E87-448D-9061-2D8837321153}.Debug|iPhone.ActiveCfg = Debug|iPhone
		{FED39372-1E87-448D-9061-2D8837321153}.Debug|iPhone.Build.0 = Debug|iPhone
		{FED39372-1E87-448D-9061-2D8837321153}.Debug|iPhoneSimulator.ActiveCfg = Debug|iPhoneSimulator
		{FED39372-1E87-448D-9061-2D8837321153}.Debug|iPhoneSimulator.Build.0 = Debug|iPhoneSimulator
		{FED39372-1E87-448D-9061-2D8837321153}.Release|iPhone.ActiveCfg = Release|iPhone
		{FED39372-1E87-448D-9061-2D8837321153}.Release|iPhone.Build.0 = Release|iPhone
		{FED39372-1E87-448D-9061-2D8837321153}.Release|iPhoneSimulator.ActiveCfg = Release|iPhoneSimulator
		{FED39372-1E87-448D-9061-2D8837321153}.Release|iPhoneSimulator.Build.0 = Release|iPhoneSimulator
	EndGlobalSection
	GlobalSection(MonoDevelopProperties) = preSolution
		StartupItem = Flurry.Analytics.iOS.Sample-unified.csproj
	EndGlobalSection
EndGlobal
