
Microsoft Visual Studio Solution File, Format Version 12.00
# Visual Studio 2012
VisualStudioVersion = 12.0.30501.0
MinimumVisualStudioVersion = 10.0.40219.1
Project("{FAE04EC0-301F-11D3-BF4B-00C04F79EFBC}") = "Flurry.Analytics.iOS.Sample", "Flurry.Analytics.iOS.Sample.csproj", "{99D82214-801C-4FF1-82C1-CCDBA1E6367B}"
EndProject
Project("{FAE04EC0-301F-11D3-BF4B-00C04F79EFBC}") = "Flurry.Analytics.iOS", "..\..\binding\Flurry.Analytics.iOS\Flurry.Analytics.iOS.csproj", "{B268C687-B474-41E5-9219-893DC13F9FE4}"
EndProject
Global
	GlobalSection(SolutionConfigurationPlatforms) = preSolution
		Ad-Hoc|Any CPU = Ad-Hoc|Any CPU
		Ad-Hoc|iPhone = Ad-Hoc|iPhone
		Ad-Hoc|iPhoneSimulator = Ad-Hoc|iPhoneSimulator
		AppStore|Any CPU = AppStore|Any CPU
		AppStore|iPhone = AppStore|iPhone
		AppStore|iPhoneSimulator = AppStore|iPhoneSimulator
		Debug|Any CPU = Debug|Any CPU
		Debug|iPhone = Debug|iPhone
		Debug|iPhoneSimulator = Debug|iPhoneSimulator
		Release|Any CPU = Release|Any CPU
		Release|iPhone = Release|iPhone
		Release|iPhoneSimulator = Release|iPhoneSimulator
	EndGlobalSection
	GlobalSection(ProjectConfigurationPlatforms) = postSolution
		{99D82214-801C-4FF1-82C1-CCDBA1E6367B}.Ad-Hoc|Any CPU.ActiveCfg = Ad-Hoc|iPhone
		{99D82214-801C-4FF1-82C1-CCDBA1E6367B}.Ad-Hoc|Any CPU.Build.0 = Ad-Hoc|iPhone
		{99D82214-801C-4FF1-82C1-CCDBA1E6367B}.Ad-Hoc|iPhone.ActiveCfg = Ad-Hoc|iPhone
		{99D82214-801C-4FF1-82C1-CCDBA1E6367B}.Ad-Hoc|iPhone.Build.0 = Ad-Hoc|iPhone
		{99D82214-801C-4FF1-82C1-CCDBA1E6367B}.Ad-Hoc|iPhone.Deploy.0 = Ad-Hoc|iPhone
		{99D82214-801C-4FF1-82C1-CCDBA1E6367B}.Ad-Hoc|iPhoneSimulator.ActiveCfg = Ad-Hoc|iPhone
		{99D82214-801C-4FF1-82C1-CCDBA1E6367B}.Ad-Hoc|iPhoneSimulator.Build.0 = Ad-Hoc|iPhone
		{99D82214-801C-4FF1-82C1-CCDBA1E6367B}.Ad-Hoc|iPhoneSimulator.Deploy.0 = Ad-Hoc|iPhone
		{99D82214-801C-4FF1-82C1-CCDBA1E6367B}.AppStore|Any CPU.ActiveCfg = AppStore|iPhone
		{99D82214-801C-4FF1-82C1-CCDBA1E6367B}.AppStore|Any CPU.Build.0 = AppStore|iPhone
		{99D82214-801C-4FF1-82C1-CCDBA1E6367B}.AppStore|iPhone.ActiveCfg = AppStore|iPhone
		{99D82214-801C-4FF1-82C1-CCDBA1E6367B}.AppStore|iPhone.Build.0 = AppStore|iPhone
		{99D82214-801C-4FF1-82C1-CCDBA1E6367B}.AppStore|iPhone.Deploy.0 = AppStore|iPhone
		{99D82214-801C-4FF1-82C1-CCDBA1E6367B}.AppStore|iPhoneSimulator.ActiveCfg = AppStore|iPhone
		{99D82214-801C-4FF1-82C1-CCDBA1E6367B}.AppStore|iPhoneSimulator.Build.0 = AppStore|iPhone
		{99D82214-801C-4FF1-82C1-CCDBA1E6367B}.AppStore|iPhoneSimulator.Deploy.0 = AppStore|iPhone
		{99D82214-801C-4FF1-82C1-CCDBA1E6367B}.Debug|Any CPU.ActiveCfg = Debug|iPhoneSimulator
		{99D82214-801C-4FF1-82C1-CCDBA1E6367B}.Debug|Any CPU.Build.0 = Debug|iPhoneSimulator
		{99D82214-801C-4FF1-82C1-CCDBA1E6367B}.Debug|iPhone.ActiveCfg = Debug|iPhone
		{99D82214-801C-4FF1-82C1-CCDBA1E6367B}.Debug|iPhone.Build.0 = Debug|iPhone
		{99D82214-801C-4FF1-82C1-CCDBA1E6367B}.Debug|iPhone.Deploy.0 = Debug|iPhone
		{99D82214-801C-4FF1-82C1-CCDBA1E6367B}.Debug|iPhoneSimulator.ActiveCfg = Debug|iPhoneSimulator
		{99D82214-801C-4FF1-82C1-CCDBA1E6367B}.Debug|iPhoneSimulator.Build.0 = Debug|iPhoneSimulator
		{99D82214-801C-4FF1-82C1-CCDBA1E6367B}.Debug|iPhoneSimulator.Deploy.0 = Debug|iPhoneSimulator
		{99D82214-801C-4FF1-82C1-CCDBA1E6367B}.Release|Any CPU.ActiveCfg = Release|iPhone
		{99D82214-801C-4FF1-82C1-CCDBA1E6367B}.Release|Any CPU.Build.0 = Release|iPhone
		{99D82214-801C-4FF1-82C1-CCDBA1E6367B}.Release|iPhone.ActiveCfg = Release|iPhone
		{99D82214-801C-4FF1-82C1-CCDBA1E6367B}.Release|iPhone.Build.0 = Release|iPhone
		{99D82214-801C-4FF1-82C1-CCDBA1E6367B}.Release|iPhone.Deploy.0 = Release|iPhone
		{99D82214-801C-4FF1-82C1-CCDBA1E6367B}.Release|iPhoneSimulator.ActiveCfg = Release|iPhoneSimulator
		{99D82214-801C-4FF1-82C1-CCDBA1E6367B}.Release|iPhoneSimulator.Build.0 = Release|iPhoneSimulator
		{99D82214-801C-4FF1-82C1-CCDBA1E6367B}.Release|iPhoneSimulator.Deploy.0 = Release|iPhoneSimulator
		{B268C687-B474-41E5-9219-893DC13F9FE4}.Ad-Hoc|Any CPU.ActiveCfg = Release|Any CPU
		{B268C687-B474-41E5-9219-893DC13F9FE4}.Ad-Hoc|Any CPU.Build.0 = Release|Any CPU
		{B268C687-B474-41E5-9219-893DC13F9FE4}.Ad-Hoc|iPhone.ActiveCfg = Release|Any CPU
		{B268C687-B474-41E5-9219-893DC13F9FE4}.Ad-Hoc|iPhone.Build.0 = Release|Any CPU
		{B268C687-B474-41E5-9219-893DC13F9FE4}.Ad-Hoc|iPhoneSimulator.ActiveCfg = Release|Any CPU
		{B268C687-B474-41E5-9219-893DC13F9FE4}.Ad-Hoc|iPhoneSimulator.Build.0 = Release|Any CPU
		{B268C687-B474-41E5-9219-893DC13F9FE4}.AppStore|Any CPU.ActiveCfg = Release|Any CPU
		{B268C687-B474-41E5-9219-893DC13F9FE4}.AppStore|Any CPU.Build.0 = Release|Any CPU
		{B268C687-B474-41E5-9219-893DC13F9FE4}.AppStore|iPhone.ActiveCfg = Release|Any CPU
		{B268C687-B474-41E5-9219-893DC13F9FE4}.AppStore|iPhone.Build.0 = Release|Any CPU
		{B268C687-B474-41E5-9219-893DC13F9FE4}.AppStore|iPhoneSimulator.ActiveCfg = Release|Any CPU
		{B268C687-B474-41E5-9219-893DC13F9FE4}.AppStore|iPhoneSimulator.Build.0 = Release|Any CPU
		{B268C687-B474-41E5-9219-893DC13F9FE4}.Debug|Any CPU.ActiveCfg = Debug|Any CPU
		{B268C687-B474-41E5-9219-893DC13F9FE4}.Debug|Any CPU.Build.0 = Debug|Any CPU
		{B268C687-B474-41E5-9219-893DC13F9FE4}.Debug|iPhone.ActiveCfg = Debug|Any CPU
		{B268C687-B474-41E5-9219-893DC13F9FE4}.Debug|iPhone.Build.0 = Debug|Any CPU
		{B268C687-B474-41E5-9219-893DC13F9FE4}.Debug|iPhoneSimulator.ActiveCfg = Debug|Any CPU
		{B268C687-B474-41E5-9219-893DC13F9FE4}.Debug|iPhoneSimulator.Build.0 = Debug|Any CPU
		{B268C687-B474-41E5-9219-893DC13F9FE4}.Release|Any CPU.ActiveCfg = Release|Any CPU
		{B268C687-B474-41E5-9219-893DC13F9FE4}.Release|Any CPU.Build.0 = Release|Any CPU
		{B268C687-B474-41E5-9219-893DC13F9FE4}.Release|iPhone.ActiveCfg = Release|Any CPU
		{B268C687-B474-41E5-9219-893DC13F9FE4}.Release|iPhone.Build.0 = Release|Any CPU
		{B268C687-B474-41E5-9219-893DC13F9FE4}.Release|iPhoneSimulator.ActiveCfg = Release|Any CPU
		{B268C687-B474-41E5-9219-893DC13F9FE4}.Release|iPhoneSimulator.Build.0 = Release|Any CPU
	EndGlobalSection
	GlobalSection(MonoDevelopProperties) = preSolution
		StartupItem = Flurry.Analytics.iOS.Sample.csproj
	EndGlobalSection
	GlobalSection(SolutionProperties) = preSolution
		HideSolutionNode = FALSE
	EndGlobalSection
EndGlobal
