Microsoft Visual Studio Solution File, Format Version 12.00
# Visual Studio 14
VisualStudioVersion = 14.0.23107.0
MinimumVisualStudioVersion = 10.0.40219.1
Project("{FAE04EC0-301F-11D3-BF4B-00C04F79EFBC}") = "Flurry.Analytics.Android", "Flurry\binding\Flurry.Analytics.Android\Flurry.Analytics.Android.csproj", "{537319CA-4CD0-4271-A3B3-157E41B877B3}"
EndProject
Project("{FAE04EC0-301F-11D3-BF4B-00C04F79EFBC}") = "Flurry.Analytics.iOS", "Flurry\binding\Flurry.Analytics.iOS\Flurry.Analytics.iOS.csproj", "{3817227C-4052-458B-9D6E-F0A747E81D2A}"
EndProject
Project("{FAE04EC0-301F-11D3-BF4B-00C04F79EFBC}") = "Flurry.Ads.Android", "Flurry\binding\Flurry.Ads.Android\Flurry.Ads.Android.csproj", "{555A87C2-EACE-471C-A3B6-CF50F7EDDAAE}"
EndProject
Project("{FAE04EC0-301F-11D3-BF4B-00C04F79EFBC}") = "Flurry.Ads.iOS", "Flurry\binding\Flurry.Ads.iOS\Flurry.Ads.iOS.csproj", "{3817227C-4052-458B-9D6E-F0A747E81D2C}"
EndProject
Project("{2150E333-8FDC-42A3-9474-1A3956D46DE8}") = "Flurry.Analytics", "Flurry.Analytics", "{C2205106-DB2F-4B93-80D6-C677CB3137C6}"
	ProjectSection(SolutionItems) = preProject
		Flurry\binding\Flurry.Analytics.WP8\FlurryWP8SDK.dll = Flurry\binding\Flurry.Analytics.WP8\FlurryWP8SDK.dll
	EndProjectSection
EndProject
Project("{2150E333-8FDC-42A3-9474-1A3956D46DE8}") = "Flurry.Ads", "Flurry.Ads", "{1EC896F5-B26E-44A0-8A82-74ECF9FEA043}"
EndProject
Global
	GlobalSection(SolutionConfigurationPlatforms) = preSolution
		Debug|Any CPU = Debug|Any CPU
		Release|Any CPU = Release|Any CPU
	EndGlobalSection
	GlobalSection(ProjectConfigurationPlatforms) = postSolution
		{537319CA-4CD0-4271-A3B3-157E41B877B3}.Debug|Any CPU.ActiveCfg = Debug|Any CPU
		{537319CA-4CD0-4271-A3B3-157E41B877B3}.Debug|Any CPU.Build.0 = Debug|Any CPU
		{537319CA-4CD0-4271-A3B3-157E41B877B3}.Release|Any CPU.ActiveCfg = Release|Any CPU
		{537319CA-4CD0-4271-A3B3-157E41B877B3}.Release|Any CPU.Build.0 = Release|Any CPU
		{3817227C-4052-458B-9D6E-F0A747E81D2A}.Debug|Any CPU.ActiveCfg = Debug|Any CPU
		{3817227C-4052-458B-9D6E-F0A747E81D2A}.Debug|Any CPU.Build.0 = Debug|Any CPU
		{3817227C-4052-458B-9D6E-F0A747E81D2A}.Release|Any CPU.ActiveCfg = Release|Any CPU
		{3817227C-4052-458B-9D6E-F0A747E81D2A}.Release|Any CPU.Build.0 = Release|Any CPU
		{555A87C2-EACE-471C-A3B6-CF50F7EDDAAE}.Debug|Any CPU.ActiveCfg = Debug|Any CPU
		{555A87C2-EACE-471C-A3B6-CF50F7EDDAAE}.Debug|Any CPU.Build.0 = Debug|Any CPU
		{555A87C2-EACE-471C-A3B6-CF50F7EDDAAE}.Release|Any CPU.ActiveCfg = Release|Any CPU
		{555A87C2-EACE-471C-A3B6-CF50F7EDDAAE}.Release|Any CPU.Build.0 = Release|Any CPU
		{3817227C-4052-458B-9D6E-F0A747E81D2C}.Debug|Any CPU.ActiveCfg = Debug|Any CPU
		{3817227C-4052-458B-9D6E-F0A747E81D2C}.Debug|Any CPU.Build.0 = Debug|Any CPU
		{3817227C-4052-458B-9D6E-F0A747E81D2C}.Release|Any CPU.ActiveCfg = Release|Any CPU
		{3817227C-4052-458B-9D6E-F0A747E81D2C}.Release|Any CPU.Build.0 = Release|Any CPU
	EndGlobalSection
	GlobalSection(SolutionProperties) = preSolution
		HideSolutionNode = FALSE
	EndGlobalSection
	GlobalSection(NestedProjects) = preSolution
		{537319CA-4CD0-4271-A3B3-157E41B877B3} = {C2205106-DB2F-4B93-80D6-C677CB3137C6}
		{3817227C-4052-458B-9D6E-F0A747E81D2A} = {C2205106-DB2F-4B93-80D6-C677CB3137C6}
		{555A87C2-EACE-471C-A3B6-CF50F7EDDAAE} = {1EC896F5-B26E-44A0-8A82-74ECF9FEA043}
		{3817227C-4052-458B-9D6E-F0A747E81D2C} = {1EC896F5-B26E-44A0-8A82-74ECF9FEA043}
	EndGlobalSection
EndGlobal
