
Microsoft Visual Studio Solution File, Format Version 12.00
# Visual Studio 2013
VisualStudioVersion = 12.0.31101.0
MinimumVisualStudioVersion = 10.0.40219.1
Project("{FAE04EC0-301F-11D3-BF4B-00C04F79EFBC}") = "Flurry.Analytics.Portable", "Portable\library\Flurry.Analytics.Portable\Flurry.Analytics.Portable.csproj", "{4FFED8D8-634A-4569-B8DC-8771EC93790E}"
EndProject
Project("{FAE04EC0-301F-11D3-BF4B-00C04F79EFBC}") = "Flurry.Analytics.Portable.Android", "Portable\library\Flurry.Analytics.Portable.Android\Flurry.Analytics.Portable.Android.csproj", "{9299037E-E0AB-4B1A-A58E-262BDD04EED4}"
EndProject
Project("{FAE04EC0-301F-11D3-BF4B-00C04F79EFBC}") = "Flurry.Analytics.Portable.iOS", "Portable\library\Flurry.Analytics.Portable.iOS\Flurry.Analytics.Portable.iOS.csproj", "{3DC22A66-0C33-4869-8A6A-D0F6D58D1AEB}"
EndProject
Project("{FAE04EC0-301F-11D3-BF4B-00C04F79EFBC}") = "Flurry.Analytics.Portable.WindowsPhone", "Portable\library\Flurry.Analytics.Portable.WindowsPhone\Flurry.Analytics.Portable.WindowsPhone.csproj", "{7210B4CF-492C-4B6A-8968-3485C6D8EFF7}"
EndProject
Project("{FAE04EC0-301F-11D3-BF4B-00C04F79EFBC}") = "Flurry.Analytics.Portable.Portable", "Portable\library\Flurry.Analytics.Portable.Portable\Flurry.Analytics.Portable.Portable.csproj", "{4FFED8D8-634A-4569-B8DC-8771EC93790F}"
EndProject
Project("{FAE04EC0-301F-11D3-BF4B-00C04F79EFBC}") = "Flurry.Analytics.Android", "FlurryAnalytics\binding\Flurry.Analytics.Android\Flurry.Analytics.Android.csproj", "{537319CA-4CD0-4271-A3B3-157E41B877B3}"
EndProject
Project("{FAE04EC0-301F-11D3-BF4B-00C04F79EFBC}") = "Flurry.Analytics.iOS", "FlurryAnalytics\binding\Flurry.Analytics.iOS\Flurry.Analytics.iOS.csproj", "{3817227C-4052-458B-9D6E-F0A747E81D2A}"
EndProject
Project("{2150E333-8FDC-42A3-9474-1A3956D46DE8}") = "Binding", "Binding", "{2D920A65-D004-48C9-BA43-5E4FE3D90D99}"
EndProject
Global
	GlobalSection(SolutionConfigurationPlatforms) = preSolution
		Debug|Any CPU = Debug|Any CPU
		Debug|ARM = Debug|ARM
		Debug|x86 = Debug|x86
		Release|Any CPU = Release|Any CPU
		Release|ARM = Release|ARM
		Release|x86 = Release|x86
	EndGlobalSection
	GlobalSection(ProjectConfigurationPlatforms) = postSolution
		{4FFED8D8-634A-4569-B8DC-8771EC93790E}.Debug|Any CPU.ActiveCfg = Debug|Any CPU
		{4FFED8D8-634A-4569-B8DC-8771EC93790E}.Debug|Any CPU.Build.0 = Debug|Any CPU
		{4FFED8D8-634A-4569-B8DC-8771EC93790E}.Debug|ARM.ActiveCfg = Debug|Any CPU
		{4FFED8D8-634A-4569-B8DC-8771EC93790E}.Debug|x86.ActiveCfg = Debug|Any CPU
		{4FFED8D8-634A-4569-B8DC-8771EC93790E}.Release|Any CPU.ActiveCfg = Release|Any CPU
		{4FFED8D8-634A-4569-B8DC-8771EC93790E}.Release|Any CPU.Build.0 = Release|Any CPU
		{4FFED8D8-634A-4569-B8DC-8771EC93790E}.Release|ARM.ActiveCfg = Release|Any CPU
		{4FFED8D8-634A-4569-B8DC-8771EC93790E}.Release|x86.ActiveCfg = Release|Any CPU
		{9299037E-E0AB-4B1A-A58E-262BDD04EED4}.Debug|Any CPU.ActiveCfg = Debug|Any CPU
		{9299037E-E0AB-4B1A-A58E-262BDD04EED4}.Debug|Any CPU.Build.0 = Debug|Any CPU
		{9299037E-E0AB-4B1A-A58E-262BDD04EED4}.Debug|ARM.ActiveCfg = Debug|Any CPU
		{9299037E-E0AB-4B1A-A58E-262BDD04EED4}.Debug|x86.ActiveCfg = Debug|Any CPU
		{9299037E-E0AB-4B1A-A58E-262BDD04EED4}.Release|Any CPU.ActiveCfg = Release|Any CPU
		{9299037E-E0AB-4B1A-A58E-262BDD04EED4}.Release|Any CPU.Build.0 = Release|Any CPU
		{9299037E-E0AB-4B1A-A58E-262BDD04EED4}.Release|ARM.ActiveCfg = Release|Any CPU
		{9299037E-E0AB-4B1A-A58E-262BDD04EED4}.Release|x86.ActiveCfg = Release|Any CPU
		{3DC22A66-0C33-4869-8A6A-D0F6D58D1AEB}.Debug|Any CPU.ActiveCfg = Debug|Any CPU
		{3DC22A66-0C33-4869-8A6A-D0F6D58D1AEB}.Debug|Any CPU.Build.0 = Debug|Any CPU
		{3DC22A66-0C33-4869-8A6A-D0F6D58D1AEB}.Debug|ARM.ActiveCfg = Debug|Any CPU
		{3DC22A66-0C33-4869-8A6A-D0F6D58D1AEB}.Debug|x86.ActiveCfg = Debug|Any CPU
		{3DC22A66-0C33-4869-8A6A-D0F6D58D1AEB}.Release|Any CPU.ActiveCfg = Release|Any CPU
		{3DC22A66-0C33-4869-8A6A-D0F6D58D1AEB}.Release|Any CPU.Build.0 = Release|Any CPU
		{3DC22A66-0C33-4869-8A6A-D0F6D58D1AEB}.Release|ARM.ActiveCfg = Release|Any CPU
		{3DC22A66-0C33-4869-8A6A-D0F6D58D1AEB}.Release|x86.ActiveCfg = Release|Any CPU
		{7210B4CF-492C-4B6A-8968-3485C6D8EFF7}.Debug|Any CPU.ActiveCfg = Debug|Any CPU
		{7210B4CF-492C-4B6A-8968-3485C6D8EFF7}.Debug|Any CPU.Build.0 = Debug|Any CPU
		{7210B4CF-492C-4B6A-8968-3485C6D8EFF7}.Debug|ARM.ActiveCfg = Debug|ARM
		{7210B4CF-492C-4B6A-8968-3485C6D8EFF7}.Debug|ARM.Build.0 = Debug|ARM
		{7210B4CF-492C-4B6A-8968-3485C6D8EFF7}.Debug|x86.ActiveCfg = Debug|x86
		{7210B4CF-492C-4B6A-8968-3485C6D8EFF7}.Debug|x86.Build.0 = Debug|x86
		{7210B4CF-492C-4B6A-8968-3485C6D8EFF7}.Release|Any CPU.ActiveCfg = Release|Any CPU
		{7210B4CF-492C-4B6A-8968-3485C6D8EFF7}.Release|Any CPU.Build.0 = Release|Any CPU
		{7210B4CF-492C-4B6A-8968-3485C6D8EFF7}.Release|ARM.ActiveCfg = Release|ARM
		{7210B4CF-492C-4B6A-8968-3485C6D8EFF7}.Release|ARM.Build.0 = Release|ARM
		{7210B4CF-492C-4B6A-8968-3485C6D8EFF7}.Release|x86.ActiveCfg = Release|x86
		{7210B4CF-492C-4B6A-8968-3485C6D8EFF7}.Release|x86.Build.0 = Release|x86
		{4FFED8D8-634A-4569-B8DC-8771EC93790F}.Debug|Any CPU.ActiveCfg = Debug|Any CPU
		{4FFED8D8-634A-4569-B8DC-8771EC93790F}.Debug|Any CPU.Build.0 = Debug|Any CPU
		{4FFED8D8-634A-4569-B8DC-8771EC93790F}.Debug|ARM.ActiveCfg = Debug|Any CPU
		{4FFED8D8-634A-4569-B8DC-8771EC93790F}.Debug|x86.ActiveCfg = Debug|Any CPU
		{4FFED8D8-634A-4569-B8DC-8771EC93790F}.Release|Any CPU.ActiveCfg = Release|Any CPU
		{4FFED8D8-634A-4569-B8DC-8771EC93790F}.Release|Any CPU.Build.0 = Release|Any CPU
		{4FFED8D8-634A-4569-B8DC-8771EC93790F}.Release|ARM.ActiveCfg = Release|Any CPU
		{4FFED8D8-634A-4569-B8DC-8771EC93790F}.Release|x86.ActiveCfg = Release|Any CPU
		{537319CA-4CD0-4271-A3B3-157E41B877B3}.Debug|Any CPU.ActiveCfg = Debug|Any CPU
		{537319CA-4CD0-4271-A3B3-157E41B877B3}.Debug|Any CPU.Build.0 = Debug|Any CPU
		{537319CA-4CD0-4271-A3B3-157E41B877B3}.Debug|ARM.ActiveCfg = Debug|Any CPU
		{537319CA-4CD0-4271-A3B3-157E41B877B3}.Debug|x86.ActiveCfg = Debug|Any CPU
		{537319CA-4CD0-4271-A3B3-157E41B877B3}.Release|Any CPU.ActiveCfg = Release|Any CPU
		{537319CA-4CD0-4271-A3B3-157E41B877B3}.Release|Any CPU.Build.0 = Release|Any CPU
		{537319CA-4CD0-4271-A3B3-157E41B877B3}.Release|ARM.ActiveCfg = Release|Any CPU
		{537319CA-4CD0-4271-A3B3-157E41B877B3}.Release|x86.ActiveCfg = Release|Any CPU
		{3817227C-4052-458B-9D6E-F0A747E81D2A}.Debug|Any CPU.ActiveCfg = Debug|Any CPU
		{3817227C-4052-458B-9D6E-F0A747E81D2A}.Debug|Any CPU.Build.0 = Debug|Any CPU
		{3817227C-4052-458B-9D6E-F0A747E81D2A}.Debug|ARM.ActiveCfg = Debug|Any CPU
		{3817227C-4052-458B-9D6E-F0A747E81D2A}.Debug|x86.ActiveCfg = Debug|Any CPU
		{3817227C-4052-458B-9D6E-F0A747E81D2A}.Release|Any CPU.ActiveCfg = Release|Any CPU
		{3817227C-4052-458B-9D6E-F0A747E81D2A}.Release|Any CPU.Build.0 = Release|Any CPU
		{3817227C-4052-458B-9D6E-F0A747E81D2A}.Release|ARM.ActiveCfg = Release|Any CPU
		{3817227C-4052-458B-9D6E-F0A747E81D2A}.Release|x86.ActiveCfg = Release|Any CPU
	EndGlobalSection
	GlobalSection(SolutionProperties) = preSolution
		HideSolutionNode = FALSE
	EndGlobalSection
	GlobalSection(NestedProjects) = preSolution
		{537319CA-4CD0-4271-A3B3-157E41B877B3} = {2D920A65-D004-48C9-BA43-5E4FE3D90D99}
		{3817227C-4052-458B-9D6E-F0A747E81D2A} = {2D920A65-D004-48C9-BA43-5E4FE3D90D99}
	EndGlobalSection
	GlobalSection(MonoDevelopProperties) = preSolution
		StartupItem = Flurry.Analytics.Portable\Flurry.Analytics.Portable.csproj
	EndGlobalSection
EndGlobal
