
Microsoft Visual Studio Solution File, Format Version 12.00
# Visual Studio 14
VisualStudioVersion = 14.0.23107.0
MinimumVisualStudioVersion = 10.0.40219.1
Project("{FAE04EC0-301F-11D3-BF4B-00C04F79EFBC}") = "FlurryAdsAndroidSample", "Flurry\samples\FlurryAdsAndroidSample\FlurryAdsAndroidSample.csproj", "{1B3B6D39-E18C-4AA6-8A5C-C04831FBD1BD}"
EndProject
Project("{FAE04EC0-301F-11D3-BF4B-00C04F79EFBC}") = "FlurryAdsiOSSample", "Flurry\samples\FlurryAdsiOSSample\FlurryAdsiOSSample.csproj", "{FED39372-1E87-448D-9061-2D883732115A}"
EndProject
Project("{FAE04EC0-301F-11D3-BF4B-00C04F79EFBC}") = "FlurryAnalyticsAndroidSample", "Flurry\samples\FlurryAnalyticsAndroidSample\FlurryAnalyticsAndroidSample.csproj", "{6A548BFB-66ED-4601-981B-C034B023A039}"
EndProject
Project("{FAE04EC0-301F-11D3-BF4B-00C04F79EFBC}") = "FlurryAnalyticsiOSSample", "Flurry\samples\FlurryAnalyticsiOSSample\FlurryAnalyticsiOSSample.csproj", "{57E6A240-6CE6-40D4-AA78-4EC9C145B081}"
EndProject
Project("{2150E333-8FDC-42A3-9474-1A3956D46DE8}") = "Binding", "Binding", "{889F0027-4C0F-424E-922F-B28EB8D3D0B2}"
EndProject
Project("{FAE04EC0-301F-11D3-BF4B-00C04F79EFBC}") = "Flurry.Ads.Android", "Flurry\binding\Flurry.Ads.Android\Flurry.Ads.Android.csproj", "{555A87C2-EACE-471C-A3B6-CF50F7EDDAAE}"
EndProject
Project("{FAE04EC0-301F-11D3-BF4B-00C04F79EFBC}") = "Flurry.Ads.iOS", "Flurry\binding\Flurry.Ads.iOS\Flurry.Ads.iOS.csproj", "{3817227C-4052-458B-9D6E-F0A747E81D2C}"
EndProject
Project("{FAE04EC0-301F-11D3-BF4B-00C04F79EFBC}") = "Flurry.Analytics.Android", "Flurry\binding\Flurry.Analytics.Android\Flurry.Analytics.Android.csproj", "{537319CA-4CD0-4271-A3B3-157E41B877B3}"
EndProject
Project("{FAE04EC0-301F-11D3-BF4B-00C04F79EFBC}") = "Flurry.Analytics.iOS", "Flurry\binding\Flurry.Analytics.iOS\Flurry.Analytics.iOS.csproj", "{3817227C-4052-458B-9D6E-F0A747E81D2A}"
EndProject
Project("{FAE04EC0-301F-11D3-BF4B-00C04F79EFBC}") = "FlurryAnalyticsWindowsPhoneSample", "Flurry\samples\FlurryAnalyticsWindowsPhoneSample\FlurryAnalyticsWindowsPhoneSample.csproj", "{D7898488-B107-4465-A8F9-86FAF90B4B70}"
EndProject
Project("{2150E333-8FDC-42A3-9474-1A3956D46DE8}") = "Flurry.Analytics", "Flurry.Analytics", "{45193A2E-F849-43E2-B9D0-D77FE2C5BF6A}"
	ProjectSection(SolutionItems) = preProject
		Flurry\binding\Flurry.Analytics.WP8\FlurryWP8SDK.dll = Flurry\binding\Flurry.Analytics.WP8\FlurryWP8SDK.dll
	EndProjectSection
EndProject
Project("{2150E333-8FDC-42A3-9474-1A3956D46DE8}") = "Flurry.Ads", "Flurry.Ads", "{FA8E1FDD-E8C2-4C06-9B55-DD8778A82207}"
EndProject
Project("{2150E333-8FDC-42A3-9474-1A3956D46DE8}") = "Samples", "Samples", "{2A63EB44-ADF9-4A8F-B202-B098B80A236F}"
EndProject
Project("{2150E333-8FDC-42A3-9474-1A3956D46DE8}") = "Flurry.Ads", "Flurry.Ads", "{D36E2BC8-8145-4CB4-A04A-2A24F35AD5CD}"
EndProject
Project("{2150E333-8FDC-42A3-9474-1A3956D46DE8}") = "Flurry.Analytics", "Flurry.Analytics", "{CF4481F0-4F0F-4362-92AF-EC58380ED101}"
EndProject
Global
	GlobalSection(SolutionConfigurationPlatforms) = preSolution
		Debug|Any CPU = Debug|Any CPU
		Debug|iPhone = Debug|iPhone
		Debug|iPhoneSimulator = Debug|iPhoneSimulator
		Release|Any CPU = Release|Any CPU
		Release|iPhone = Release|iPhone
		Release|iPhoneSimulator = Release|iPhoneSimulator
	EndGlobalSection
	GlobalSection(ProjectConfigurationPlatforms) = postSolution
		{1B3B6D39-E18C-4AA6-8A5C-C04831FBD1BD}.Debug|Any CPU.ActiveCfg = Debug|Any CPU
		{1B3B6D39-E18C-4AA6-8A5C-C04831FBD1BD}.Debug|Any CPU.Build.0 = Debug|Any CPU
		{1B3B6D39-E18C-4AA6-8A5C-C04831FBD1BD}.Debug|Any CPU.Deploy.0 = Debug|Any CPU
		{1B3B6D39-E18C-4AA6-8A5C-C04831FBD1BD}.Debug|iPhone.ActiveCfg = Debug|Any CPU
		{1B3B6D39-E18C-4AA6-8A5C-C04831FBD1BD}.Debug|iPhone.Build.0 = Debug|Any CPU
		{1B3B6D39-E18C-4AA6-8A5C-C04831FBD1BD}.Debug|iPhone.Deploy.0 = Debug|Any CPU
		{1B3B6D39-E18C-4AA6-8A5C-C04831FBD1BD}.Debug|iPhoneSimulator.ActiveCfg = Debug|Any CPU
		{1B3B6D39-E18C-4AA6-8A5C-C04831FBD1BD}.Debug|iPhoneSimulator.Build.0 = Debug|Any CPU
		{1B3B6D39-E18C-4AA6-8A5C-C04831FBD1BD}.Debug|iPhoneSimulator.Deploy.0 = Debug|Any CPU
		{1B3B6D39-E18C-4AA6-8A5C-C04831FBD1BD}.Release|Any CPU.ActiveCfg = Release|Any CPU
		{1B3B6D39-E18C-4AA6-8A5C-C04831FBD1BD}.Release|Any CPU.Build.0 = Release|Any CPU
		{1B3B6D39-E18C-4AA6-8A5C-C04831FBD1BD}.Release|iPhone.ActiveCfg = Release|Any CPU
		{1B3B6D39-E18C-4AA6-8A5C-C04831FBD1BD}.Release|iPhone.Build.0 = Release|Any CPU
		{1B3B6D39-E18C-4AA6-8A5C-C04831FBD1BD}.Release|iPhoneSimulator.ActiveCfg = Release|Any CPU
		{1B3B6D39-E18C-4AA6-8A5C-C04831FBD1BD}.Release|iPhoneSimulator.Build.0 = Release|Any CPU
		{FED39372-1E87-448D-9061-2D883732115A}.Debug|Any CPU.ActiveCfg = Debug|iPhoneSimulator
		{FED39372-1E87-448D-9061-2D883732115A}.Debug|Any CPU.Build.0 = Debug|iPhoneSimulator
		{FED39372-1E87-448D-9061-2D883732115A}.Debug|iPhone.ActiveCfg = Debug|iPhone
		{FED39372-1E87-448D-9061-2D883732115A}.Debug|iPhone.Build.0 = Debug|iPhone
		{FED39372-1E87-448D-9061-2D883732115A}.Debug|iPhoneSimulator.ActiveCfg = Debug|iPhoneSimulator
		{FED39372-1E87-448D-9061-2D883732115A}.Debug|iPhoneSimulator.Build.0 = Debug|iPhoneSimulator
		{FED39372-1E87-448D-9061-2D883732115A}.Release|Any CPU.ActiveCfg = Release|iPhoneSimulator
		{FED39372-1E87-448D-9061-2D883732115A}.Release|Any CPU.Build.0 = Release|iPhoneSimulator
		{FED39372-1E87-448D-9061-2D883732115A}.Release|iPhone.ActiveCfg = Release|iPhone
		{FED39372-1E87-448D-9061-2D883732115A}.Release|iPhone.Build.0 = Release|iPhone
		{FED39372-1E87-448D-9061-2D883732115A}.Release|iPhoneSimulator.ActiveCfg = Release|iPhoneSimulator
		{FED39372-1E87-448D-9061-2D883732115A}.Release|iPhoneSimulator.Build.0 = Release|iPhoneSimulator
		{6A548BFB-66ED-4601-981B-C034B023A039}.Debug|Any CPU.ActiveCfg = Debug|Any CPU
		{6A548BFB-66ED-4601-981B-C034B023A039}.Debug|Any CPU.Build.0 = Debug|Any CPU
		{6A548BFB-66ED-4601-981B-C034B023A039}.Debug|Any CPU.Deploy.0 = Debug|Any CPU
		{6A548BFB-66ED-4601-981B-C034B023A039}.Debug|iPhone.ActiveCfg = Debug|Any CPU
		{6A548BFB-66ED-4601-981B-C034B023A039}.Debug|iPhone.Build.0 = Debug|Any CPU
		{6A548BFB-66ED-4601-981B-C034B023A039}.Debug|iPhone.Deploy.0 = Debug|Any CPU
		{6A548BFB-66ED-4601-981B-C034B023A039}.Debug|iPhoneSimulator.ActiveCfg = Debug|Any CPU
		{6A548BFB-66ED-4601-981B-C034B023A039}.Debug|iPhoneSimulator.Build.0 = Debug|Any CPU
		{6A548BFB-66ED-4601-981B-C034B023A039}.Debug|iPhoneSimulator.Deploy.0 = Debug|Any CPU
		{6A548BFB-66ED-4601-981B-C034B023A039}.Release|Any CPU.ActiveCfg = Release|Any CPU
		{6A548BFB-66ED-4601-981B-C034B023A039}.Release|Any CPU.Build.0 = Release|Any CPU
		{6A548BFB-66ED-4601-981B-C034B023A039}.Release|iPhone.ActiveCfg = Release|Any CPU
		{6A548BFB-66ED-4601-981B-C034B023A039}.Release|iPhone.Build.0 = Release|Any CPU
		{6A548BFB-66ED-4601-981B-C034B023A039}.Release|iPhoneSimulator.ActiveCfg = Release|Any CPU
		{6A548BFB-66ED-4601-981B-C034B023A039}.Release|iPhoneSimulator.Build.0 = Release|Any CPU
		{57E6A240-6CE6-40D4-AA78-4EC9C145B081}.Debug|Any CPU.ActiveCfg = Debug|iPhoneSimulator
		{57E6A240-6CE6-40D4-AA78-4EC9C145B081}.Debug|Any CPU.Build.0 = Debug|iPhoneSimulator
		{57E6A240-6CE6-40D4-AA78-4EC9C145B081}.Debug|iPhone.ActiveCfg = Debug|iPhone
		{57E6A240-6CE6-40D4-AA78-4EC9C145B081}.Debug|iPhone.Build.0 = Debug|iPhone
		{57E6A240-6CE6-40D4-AA78-4EC9C145B081}.Debug|iPhoneSimulator.ActiveCfg = Debug|iPhoneSimulator
		{57E6A240-6CE6-40D4-AA78-4EC9C145B081}.Debug|iPhoneSimulator.Build.0 = Debug|iPhoneSimulator
		{57E6A240-6CE6-40D4-AA78-4EC9C145B081}.Release|Any CPU.ActiveCfg = Release|iPhoneSimulator
		{57E6A240-6CE6-40D4-AA78-4EC9C145B081}.Release|Any CPU.Build.0 = Release|iPhoneSimulator
		{57E6A240-6CE6-40D4-AA78-4EC9C145B081}.Release|iPhone.ActiveCfg = Release|iPhone
		{57E6A240-6CE6-40D4-AA78-4EC9C145B081}.Release|iPhone.Build.0 = Release|iPhone
		{57E6A240-6CE6-40D4-AA78-4EC9C145B081}.Release|iPhoneSimulator.ActiveCfg = Release|iPhoneSimulator
		{57E6A240-6CE6-40D4-AA78-4EC9C145B081}.Release|iPhoneSimulator.Build.0 = Release|iPhoneSimulator
		{555A87C2-EACE-471C-A3B6-CF50F7EDDAAE}.Debug|Any CPU.ActiveCfg = Debug|Any CPU
		{555A87C2-EACE-471C-A3B6-CF50F7EDDAAE}.Debug|Any CPU.Build.0 = Debug|Any CPU
		{555A87C2-EACE-471C-A3B6-CF50F7EDDAAE}.Debug|iPhone.ActiveCfg = Debug|Any CPU
		{555A87C2-EACE-471C-A3B6-CF50F7EDDAAE}.Debug|iPhone.Build.0 = Debug|Any CPU
		{555A87C2-EACE-471C-A3B6-CF50F7EDDAAE}.Debug|iPhoneSimulator.ActiveCfg = Debug|Any CPU
		{555A87C2-EACE-471C-A3B6-CF50F7EDDAAE}.Debug|iPhoneSimulator.Build.0 = Debug|Any CPU
		{555A87C2-EACE-471C-A3B6-CF50F7EDDAAE}.Release|Any CPU.ActiveCfg = Release|Any CPU
		{555A87C2-EACE-471C-A3B6-CF50F7EDDAAE}.Release|Any CPU.Build.0 = Release|Any CPU
		{555A87C2-EACE-471C-A3B6-CF50F7EDDAAE}.Release|iPhone.ActiveCfg = Release|Any CPU
		{555A87C2-EACE-471C-A3B6-CF50F7EDDAAE}.Release|iPhone.Build.0 = Release|Any CPU
		{555A87C2-EACE-471C-A3B6-CF50F7EDDAAE}.Release|iPhoneSimulator.ActiveCfg = Release|Any CPU
		{555A87C2-EACE-471C-A3B6-CF50F7EDDAAE}.Release|iPhoneSimulator.Build.0 = Release|Any CPU
		{3817227C-4052-458B-9D6E-F0A747E81D2C}.Debug|Any CPU.ActiveCfg = Debug|Any CPU
		{3817227C-4052-458B-9D6E-F0A747E81D2C}.Debug|Any CPU.Build.0 = Debug|Any CPU
		{3817227C-4052-458B-9D6E-F0A747E81D2C}.Debug|iPhone.ActiveCfg = Debug|Any CPU
		{3817227C-4052-458B-9D6E-F0A747E81D2C}.Debug|iPhone.Build.0 = Debug|Any CPU
		{3817227C-4052-458B-9D6E-F0A747E81D2C}.Debug|iPhoneSimulator.ActiveCfg = Debug|Any CPU
		{3817227C-4052-458B-9D6E-F0A747E81D2C}.Debug|iPhoneSimulator.Build.0 = Debug|Any CPU
		{3817227C-4052-458B-9D6E-F0A747E81D2C}.Release|Any CPU.ActiveCfg = Release|Any CPU
		{3817227C-4052-458B-9D6E-F0A747E81D2C}.Release|Any CPU.Build.0 = Release|Any CPU
		{3817227C-4052-458B-9D6E-F0A747E81D2C}.Release|iPhone.ActiveCfg = Release|Any CPU
		{3817227C-4052-458B-9D6E-F0A747E81D2C}.Release|iPhone.Build.0 = Release|Any CPU
		{3817227C-4052-458B-9D6E-F0A747E81D2C}.Release|iPhoneSimulator.ActiveCfg = Release|Any CPU
		{3817227C-4052-458B-9D6E-F0A747E81D2C}.Release|iPhoneSimulator.Build.0 = Release|Any CPU
		{537319CA-4CD0-4271-A3B3-157E41B877B3}.Debug|Any CPU.ActiveCfg = Debug|Any CPU
		{537319CA-4CD0-4271-A3B3-157E41B877B3}.Debug|Any CPU.Build.0 = Debug|Any CPU
		{537319CA-4CD0-4271-A3B3-157E41B877B3}.Debug|iPhone.ActiveCfg = Debug|Any CPU
		{537319CA-4CD0-4271-A3B3-157E41B877B3}.Debug|iPhone.Build.0 = Debug|Any CPU
		{537319CA-4CD0-4271-A3B3-157E41B877B3}.Debug|iPhoneSimulator.ActiveCfg = Debug|Any CPU
		{537319CA-4CD0-4271-A3B3-157E41B877B3}.Debug|iPhoneSimulator.Build.0 = Debug|Any CPU
		{537319CA-4CD0-4271-A3B3-157E41B877B3}.Release|Any CPU.ActiveCfg = Release|Any CPU
		{537319CA-4CD0-4271-A3B3-157E41B877B3}.Release|Any CPU.Build.0 = Release|Any CPU
		{537319CA-4CD0-4271-A3B3-157E41B877B3}.Release|iPhone.ActiveCfg = Release|Any CPU
		{537319CA-4CD0-4271-A3B3-157E41B877B3}.Release|iPhone.Build.0 = Release|Any CPU
		{537319CA-4CD0-4271-A3B3-157E41B877B3}.Release|iPhoneSimulator.ActiveCfg = Release|Any CPU
		{537319CA-4CD0-4271-A3B3-157E41B877B3}.Release|iPhoneSimulator.Build.0 = Release|Any CPU
		{3817227C-4052-458B-9D6E-F0A747E81D2A}.Debug|Any CPU.ActiveCfg = Debug|Any CPU
		{3817227C-4052-458B-9D6E-F0A747E81D2A}.Debug|Any CPU.Build.0 = Debug|Any CPU
		{3817227C-4052-458B-9D6E-F0A747E81D2A}.Debug|iPhone.ActiveCfg = Debug|Any CPU
		{3817227C-4052-458B-9D6E-F0A747E81D2A}.Debug|iPhone.Build.0 = Debug|Any CPU
		{3817227C-4052-458B-9D6E-F0A747E81D2A}.Debug|iPhoneSimulator.ActiveCfg = Debug|Any CPU
		{3817227C-4052-458B-9D6E-F0A747E81D2A}.Debug|iPhoneSimulator.Build.0 = Debug|Any CPU
		{3817227C-4052-458B-9D6E-F0A747E81D2A}.Release|Any CPU.ActiveCfg = Release|Any CPU
		{3817227C-4052-458B-9D6E-F0A747E81D2A}.Release|Any CPU.Build.0 = Release|Any CPU
		{3817227C-4052-458B-9D6E-F0A747E81D2A}.Release|iPhone.ActiveCfg = Release|Any CPU
		{3817227C-4052-458B-9D6E-F0A747E81D2A}.Release|iPhone.Build.0 = Release|Any CPU
		{3817227C-4052-458B-9D6E-F0A747E81D2A}.Release|iPhoneSimulator.ActiveCfg = Release|Any CPU
		{3817227C-4052-458B-9D6E-F0A747E81D2A}.Release|iPhoneSimulator.Build.0 = Release|Any CPU
		{D7898488-B107-4465-A8F9-86FAF90B4B70}.Debug|Any CPU.ActiveCfg = Debug|Any CPU
		{D7898488-B107-4465-A8F9-86FAF90B4B70}.Debug|Any CPU.Build.0 = Debug|Any CPU
		{D7898488-B107-4465-A8F9-86FAF90B4B70}.Debug|Any CPU.Deploy.0 = Debug|Any CPU
		{D7898488-B107-4465-A8F9-86FAF90B4B70}.Debug|iPhone.ActiveCfg = Debug|Any CPU
		{D7898488-B107-4465-A8F9-86FAF90B4B70}.Debug|iPhone.Build.0 = Debug|Any CPU
		{D7898488-B107-4465-A8F9-86FAF90B4B70}.Debug|iPhone.Deploy.0 = Debug|Any CPU
		{D7898488-B107-4465-A8F9-86FAF90B4B70}.Debug|iPhoneSimulator.ActiveCfg = Debug|Any CPU
		{D7898488-B107-4465-A8F9-86FAF90B4B70}.Debug|iPhoneSimulator.Build.0 = Debug|Any CPU
		{D7898488-B107-4465-A8F9-86FAF90B4B70}.Debug|iPhoneSimulator.Deploy.0 = Debug|Any CPU
		{D7898488-B107-4465-A8F9-86FAF90B4B70}.Release|Any CPU.ActiveCfg = Release|Any CPU
		{D7898488-B107-4465-A8F9-86FAF90B4B70}.Release|Any CPU.Build.0 = Release|Any CPU
		{D7898488-B107-4465-A8F9-86FAF90B4B70}.Release|iPhone.ActiveCfg = Release|Any CPU
		{D7898488-B107-4465-A8F9-86FAF90B4B70}.Release|iPhone.Build.0 = Release|Any CPU
		{D7898488-B107-4465-A8F9-86FAF90B4B70}.Release|iPhoneSimulator.ActiveCfg = Release|Any CPU
		{D7898488-B107-4465-A8F9-86FAF90B4B70}.Release|iPhoneSimulator.Build.0 = Release|Any CPU
	EndGlobalSection
	GlobalSection(SolutionProperties) = preSolution
		HideSolutionNode = FALSE
	EndGlobalSection
	GlobalSection(NestedProjects) = preSolution
		{1B3B6D39-E18C-4AA6-8A5C-C04831FBD1BD} = {D36E2BC8-8145-4CB4-A04A-2A24F35AD5CD}
		{FED39372-1E87-448D-9061-2D883732115A} = {D36E2BC8-8145-4CB4-A04A-2A24F35AD5CD}
		{6A548BFB-66ED-4601-981B-C034B023A039} = {CF4481F0-4F0F-4362-92AF-EC58380ED101}
		{57E6A240-6CE6-40D4-AA78-4EC9C145B081} = {CF4481F0-4F0F-4362-92AF-EC58380ED101}
		{555A87C2-EACE-471C-A3B6-CF50F7EDDAAE} = {FA8E1FDD-E8C2-4C06-9B55-DD8778A82207}
		{3817227C-4052-458B-9D6E-F0A747E81D2C} = {FA8E1FDD-E8C2-4C06-9B55-DD8778A82207}
		{537319CA-4CD0-4271-A3B3-157E41B877B3} = {45193A2E-F849-43E2-B9D0-D77FE2C5BF6A}
		{3817227C-4052-458B-9D6E-F0A747E81D2A} = {45193A2E-F849-43E2-B9D0-D77FE2C5BF6A}
		{D7898488-B107-4465-A8F9-86FAF90B4B70} = {CF4481F0-4F0F-4362-92AF-EC58380ED101}
		{45193A2E-F849-43E2-B9D0-D77FE2C5BF6A} = {889F0027-4C0F-424E-922F-B28EB8D3D0B2}
		{FA8E1FDD-E8C2-4C06-9B55-DD8778A82207} = {889F0027-4C0F-424E-922F-B28EB8D3D0B2}
		{D36E2BC8-8145-4CB4-A04A-2A24F35AD5CD} = {2A63EB44-ADF9-4A8F-B202-B098B80A236F}
		{CF4481F0-4F0F-4362-92AF-EC58380ED101} = {2A63EB44-ADF9-4A8F-B202-B098B80A236F}
	EndGlobalSection
EndGlobal
