
Microsoft Visual Studio Solution File, Format Version 12.00
# Visual Studio 2012
Project("{FAE04EC0-301F-11D3-BF4B-00C04F79EFBC}") = "FlurryTumblriOSSample", "FlurryTumblriOSSample.csproj", "{57E6A240-6CE6-40D4-AA78-4EC9C145B081}"
EndProject
Project("{FAE04EC0-301F-11D3-BF4B-00C04F79EFBC}") = "Flurry.Analytics.iOS", "..\..\binding\Flurry.Analytics.iOS\Flurry.Analytics.iOS.csproj", "{3817227C-4052-458B-9D6E-F0A747E81D2A}"
EndProject
Project("{FAE04EC0-301F-11D3-BF4B-00C04F79EFBC}") = "Flurry.Ads.iOS", "..\..\binding\Flurry.Ads.iOS\Flurry.Ads.iOS.csproj", "{3817227C-4052-458B-9D6E-F0A747E81D2C}"
EndProject
Project("{FAE04EC0-301F-11D3-BF4B-00C04F79EFBC}") = "Flurry.Tumblr.iOS", "..\..\binding\Flurry.Tumblr.iOS\Flurry.Tumblr.iOS.csproj", "{3817227C-4052-458B-9D6E-F0A747E81D2F}"
EndProject
Global
	GlobalSection(SolutionConfigurationPlatforms) = preSolution
		Debug|iPhoneSimulator = Debug|iPhoneSimulator
		Release|iPhoneSimulator = Release|iPhoneSimulator
		Debug|iPhone = Debug|iPhone
		Release|iPhone = Release|iPhone
	EndGlobalSection
	GlobalSection(ProjectConfigurationPlatforms) = postSolution
		{3817227C-4052-458B-9D6E-F0A747E81D2A}.Debug|iPhone.ActiveCfg = Debug|Any CPU
		{3817227C-4052-458B-9D6E-F0A747E81D2A}.Debug|iPhone.Build.0 = Debug|Any CPU
		{3817227C-4052-458B-9D6E-F0A747E81D2A}.Debug|iPhoneSimulator.ActiveCfg = Debug|Any CPU
		{3817227C-4052-458B-9D6E-F0A747E81D2A}.Debug|iPhoneSimulator.Build.0 = Debug|Any CPU
		{3817227C-4052-458B-9D6E-F0A747E81D2A}.Release|iPhone.ActiveCfg = Release|Any CPU
		{3817227C-4052-458B-9D6E-F0A747E81D2A}.Release|iPhone.Build.0 = Release|Any CPU
		{3817227C-4052-458B-9D6E-F0A747E81D2A}.Release|iPhoneSimulator.ActiveCfg = Release|Any CPU
		{3817227C-4052-458B-9D6E-F0A747E81D2A}.Release|iPhoneSimulator.Build.0 = Release|Any CPU
		{3817227C-4052-458B-9D6E-F0A747E81D2C}.Debug|iPhone.ActiveCfg = Debug|Any CPU
		{3817227C-4052-458B-9D6E-F0A747E81D2C}.Debug|iPhone.Build.0 = Debug|Any CPU
		{3817227C-4052-458B-9D6E-F0A747E81D2C}.Debug|iPhoneSimulator.ActiveCfg = Debug|Any CPU
		{3817227C-4052-458B-9D6E-F0A747E81D2C}.Debug|iPhoneSimulator.Build.0 = Debug|Any CPU
		{3817227C-4052-458B-9D6E-F0A747E81D2C}.Release|iPhone.ActiveCfg = Release|Any CPU
		{3817227C-4052-458B-9D6E-F0A747E81D2C}.Release|iPhone.Build.0 = Release|Any CPU
		{3817227C-4052-458B-9D6E-F0A747E81D2C}.Release|iPhoneSimulator.ActiveCfg = Release|Any CPU
		{3817227C-4052-458B-9D6E-F0A747E81D2C}.Release|iPhoneSimulator.Build.0 = Release|Any CPU
		{3817227C-4052-458B-9D6E-F0A747E81D2F}.Debug|iPhone.ActiveCfg = Debug|Any CPU
		{3817227C-4052-458B-9D6E-F0A747E81D2F}.Debug|iPhone.Build.0 = Debug|Any CPU
		{3817227C-4052-458B-9D6E-F0A747E81D2F}.Debug|iPhoneSimulator.ActiveCfg = Debug|Any CPU
		{3817227C-4052-458B-9D6E-F0A747E81D2F}.Debug|iPhoneSimulator.Build.0 = Debug|Any CPU
		{3817227C-4052-458B-9D6E-F0A747E81D2F}.Release|iPhone.ActiveCfg = Release|Any CPU
		{3817227C-4052-458B-9D6E-F0A747E81D2F}.Release|iPhone.Build.0 = Release|Any CPU
		{3817227C-4052-458B-9D6E-F0A747E81D2F}.Release|iPhoneSimulator.ActiveCfg = Release|Any CPU
		{3817227C-4052-458B-9D6E-F0A747E81D2F}.Release|iPhoneSimulator.Build.0 = Release|Any CPU
		{57E6A240-6CE6-40D4-AA78-4EC9C145B081}.Debug|iPhone.ActiveCfg = Debug|iPhone
		{57E6A240-6CE6-40D4-AA78-4EC9C145B081}.Debug|iPhone.Build.0 = Debug|iPhone
		{57E6A240-6CE6-40D4-AA78-4EC9C145B081}.Debug|iPhoneSimulator.ActiveCfg = Debug|iPhoneSimulator
		{57E6A240-6CE6-40D4-AA78-4EC9C145B081}.Debug|iPhoneSimulator.Build.0 = Debug|iPhoneSimulator
		{57E6A240-6CE6-40D4-AA78-4EC9C145B081}.Release|iPhone.ActiveCfg = Release|iPhone
		{57E6A240-6CE6-40D4-AA78-4EC9C145B081}.Release|iPhone.Build.0 = Release|iPhone
		{57E6A240-6CE6-40D4-AA78-4EC9C145B081}.Release|iPhoneSimulator.ActiveCfg = Release|iPhoneSimulator
		{57E6A240-6CE6-40D4-AA78-4EC9C145B081}.Release|iPhoneSimulator.Build.0 = Release|iPhoneSimulator
	EndGlobalSection
EndGlobal
