
Microsoft Visual Studio Solution File, Format Version 12.00
# Visual Studio 2012
Project("{FAE04EC0-301F-11D3-BF4B-00C04F79EFBC}") = "FlurryAdsAndroidSample", "FlurryAdsAndroidSample.csproj", "{1B3B6D39-E18C-4AA6-8A5C-C04831FBD1BD}"
EndProject
Project("{FAE04EC0-301F-11D3-BF4B-00C04F79EFBC}") = "Flurry.Analytics.Android", "..\..\binding\Flurry.Analytics.Android\Flurry.Analytics.Android.csproj", "{537319CA-4CD0-4271-A3B3-157E41B877B3}"
EndProject
Project("{FAE04EC0-301F-11D3-BF4B-00C04F79EFBC}") = "Flurry.Ads.Android", "..\..\binding\Flurry.Ads.Android\Flurry.Ads.Android.csproj", "{555A87C2-EACE-471C-A3B6-CF50F7EDDAAE}"
EndProject
Global
	GlobalSection(SolutionConfigurationPlatforms) = preSolution
		Debug|Any CPU = Debug|Any CPU
		Release|Any CPU = Release|Any CPU
	EndGlobalSection
	GlobalSection(ProjectConfigurationPlatforms) = postSolution
		{1B3B6D39-E18C-4AA6-8A5C-C04831FBD1BD}.Debug|Any CPU.ActiveCfg = Debug|Any CPU
		{1B3B6D39-E18C-4AA6-8A5C-C04831FBD1BD}.Debug|Any CPU.Build.0 = Debug|Any CPU
		{1B3B6D39-E18C-4AA6-8A5C-C04831FBD1BD}.Release|Any CPU.ActiveCfg = Release|Any CPU
		{1B3B6D39-E18C-4AA6-8A5C-C04831FBD1BD}.Release|Any CPU.Build.0 = Release|Any CPU
		{537319CA-4CD0-4271-A3B3-157E41B877B3}.Debug|Any CPU.ActiveCfg = Debug|Any CPU
		{537319CA-4CD0-4271-A3B3-157E41B877B3}.Debug|Any CPU.Build.0 = Debug|Any CPU
		{537319CA-4CD0-4271-A3B3-157E41B877B3}.Release|Any CPU.ActiveCfg = Release|Any CPU
		{537319CA-4CD0-4271-A3B3-157E41B877B3}.Release|Any CPU.Build.0 = Release|Any CPU
		{555A87C2-EACE-471C-A3B6-CF50F7EDDAAE}.Debug|Any CPU.ActiveCfg = Debug|Any CPU
		{555A87C2-EACE-471C-A3B6-CF50F7EDDAAE}.Debug|Any CPU.Build.0 = Debug|Any CPU
		{555A87C2-EACE-471C-A3B6-CF50F7EDDAAE}.Release|Any CPU.ActiveCfg = Release|Any CPU
		{555A87C2-EACE-471C-A3B6-CF50F7EDDAAE}.Release|Any CPU.Build.0 = Release|Any CPU
	EndGlobalSection
EndGlobal
