
Microsoft Visual Studio Solution File, Format Version 12.00
# Visual Studio 2012
Project("{FAE04EC0-301F-11D3-BF4B-00C04F79EFBC}") = "Flurry.Analytics.iOS.FeatureSample", "Flurry.Analytics.iOS.FeatureSample.csproj", "{57E6A240-6CE6-40D4-AA78-4EC9C145B081}"
EndProject
Project("{FAE04EC0-301F-11D3-BF4B-00C04F79EFBC}") = "Flurry.Analytics.iOS", "..\..\binding\Flurry.Analytics.iOS\Flurry.Analytics.iOS.csproj", "{B268C687-B474-41E5-9219-893DC13F9FE4}"
EndProject
Global
	GlobalSection(SolutionConfigurationPlatforms) = preSolution
		Debug|iPhoneSimulator = Debug|iPhoneSimulator
		Release|iPhoneSimulator = Release|iPhoneSimulator
		Debug|iPhone = Debug|iPhone
		Release|iPhone = Release|iPhone
	EndGlobalSection
	GlobalSection(ProjectConfigurationPlatforms) = postSolution
		{57E6A240-6CE6-40D4-AA78-4EC9C145B081}.Debug|iPhone.ActiveCfg = Debug|iPhone
		{57E6A240-6CE6-40D4-AA78-4EC9C145B081}.Debug|iPhone.Build.0 = Debug|iPhone
		{57E6A240-6CE6-40D4-AA78-4EC9C145B081}.Debug|iPhoneSimulator.ActiveCfg = Debug|iPhoneSimulator
		{57E6A240-6CE6-40D4-AA78-4EC9C145B081}.Debug|iPhoneSimulator.Build.0 = Debug|iPhoneSimulator
		{57E6A240-6CE6-40D4-AA78-4EC9C145B081}.Release|iPhone.ActiveCfg = Release|iPhone
		{57E6A240-6CE6-40D4-AA78-4EC9C145B081}.Release|iPhone.Build.0 = Release|iPhone
		{57E6A240-6CE6-40D4-AA78-4EC9C145B081}.Release|iPhoneSimulator.ActiveCfg = Release|iPhoneSimulator
		{57E6A240-6CE6-40D4-AA78-4EC9C145B081}.Release|iPhoneSimulator.Build.0 = Release|iPhoneSimulator
		{B268C687-B474-41E5-9219-893DC13F9FE4}.Debug|iPhone.ActiveCfg = Debug|Any CPU
		{B268C687-B474-41E5-9219-893DC13F9FE4}.Debug|iPhone.Build.0 = Debug|Any CPU
		{B268C687-B474-41E5-9219-893DC13F9FE4}.Debug|iPhoneSimulator.ActiveCfg = Debug|Any CPU
		{B268C687-B474-41E5-9219-893DC13F9FE4}.Debug|iPhoneSimulator.Build.0 = Debug|Any CPU
		{B268C687-B474-41E5-9219-893DC13F9FE4}.Release|iPhone.ActiveCfg = Release|Any CPU
		{B268C687-B474-41E5-9219-893DC13F9FE4}.Release|iPhone.Build.0 = Release|Any CPU
		{B268C687-B474-41E5-9219-893DC13F9FE4}.Release|iPhoneSimulator.ActiveCfg = Release|Any CPU
		{B268C687-B474-41E5-9219-893DC13F9FE4}.Release|iPhoneSimulator.Build.0 = Release|Any CPU
	EndGlobalSection
	GlobalSection(MonoDevelopProperties) = preSolution
		StartupItem = Flurry.Analytics.iOS.FeatureSample.csproj
	EndGlobalSection
EndGlobal
